<?xml version="1.0" encoding="utf-8"?>
<Project ToolsVersion="4.0" xmlns="http://schemas.microsoft.com/developer/msbuild/2003">
  <ItemGroup>
    <Filter Include="Source Files">
      <UniqueIdentifier>{4FC737F1-C7A5-4376-A066-2A32D752A2FF}</UniqueIdentifier>
      <Extensions>cpp;c;cc;cxx;def;odl;idl;hpj;bat;asm;asmx</Extensions>
    </Filter>
    <Filter Include="Header Files">
      <UniqueIdentifier>{93995380-89BD-4b04-88EB-625FBE52EBFB}</UniqueIdentifier>
      <Extensions>h;hpp;hxx;hm;inl;inc;xsd</Extensions>
    </Filter>
    <Filter Include="Resource Files">
      <UniqueIdentifier>{67DA6AB6-F800-4c08-8B7A-83BB121AAD01}</UniqueIdentifier>
      <Extensions>rc;ico;cur;bmp;dlg;rc2;rct;bin;rgs;gif;jpg;jpeg;jpe;resx;tiff;tif;png;wav;mfcribbon-ms</Extensions>
    </Filter>
  </ItemGroup>
  <ItemGroup>
    <None Include="ReadMe.txt" />
  </ItemGroup>
  <ItemGroup>
    <ClInclude Include="stdafx.h">
      <Filter>Header Files</Filter>
    </ClInclude>
    <ClInclude Include="targetver.h">
      <Filter>Header Files</Filter>
    </ClInclude>
    <ClInclude Include="abstractGame.h">
      <Filter>Header Files</Filter>
    </ClInclude>
    <ClInclude Include="endCondition.h">
      <Filter>Header Files</Filter>
    </ClInclude>
    <ClInclude Include="gamePiece.h">
      <Filter>Header Files</Filter>
    </ClInclude>
    <ClInclude Include="inputProcessing.h">
      <Filter>Header Files</Filter>
    </ClInclude>
    <ClInclude Include="magicSquares.h">
      <Filter>Header Files</Filter>
    </ClInclude>
    <ClInclude Include="menus.h">
      <Filter>Header Files</Filter>
    </ClInclude>
    <ClInclude Include="nineAlmonds.h">
      <Filter>Header Files</Filter>
    </ClInclude>
    <ClInclude Include="Point.h">
      <Filter>Header Files</Filter>
    </ClInclude>
    <ClInclude Include="reversiGame.h">
      <Filter>Header Files</Filter>
    </ClInclude>
  </ItemGroup>
  <ItemGroup>
    <ClCompile Include="stdafx.cpp">
      <Filter>Source Files</Filter>
    </ClCompile>
    <ClCompile Include="abstractGame.cpp">
      <Filter>Source Files</Filter>
    </ClCompile>
    <ClCompile Include="gamePiece.cpp">
      <Filter>Source Files</Filter>
    </ClCompile>
    <ClCompile Include="inputProcessing.cpp">
      <Filter>Source Files</Filter>
    </ClCompile>
    <ClCompile Include="Lab4.cpp">
      <Filter>Source Files</Filter>
    </ClCompile>
    <ClCompile Include="menus.cpp">
      <Filter>Source Files</Filter>
    </ClCompile>
    <ClCompile Include="nineAlmonds.cpp">
      <Filter>Source Files</Filter>
    </ClCompile>
    <ClCompile Include="Point.cpp">
      <Filter>Source Files</Filter>
    </ClCompile>
    <ClCompile Include="magicSquares.cpp">
      <Filter>Source Files</Filter>
    </ClCompile>
    <ClCompile Include="reversiGame.cpp">
      <Filter>Source Files</Filter>
    </ClCompile>
  </ItemGroup>
</Project>